// !$*UTF8*$!
{
	archiveVersion = 1;
	classes = {
	};
	objectVersion = 46;
	objects = {

/* Begin PBXBuildFile section */
		9A467CEB1ED8B267009D8761 /* CommandBLE.swift in Sources */ = {isa = PBXBuildFile; fileRef = 9A467CE91ED8B267009D8761 /* CommandBLE.swift */; };
		9A467CEC1ED8B267009D8761 /* ManagerStates.swift in Sources */ = {isa = PBXBuildFile; fileRef = 9A467CEA1ED8B267009D8761 /* ManagerStates.swift */; };
		9A467CF31ED8B2C1009D8761 /* OmnilinkProtocol.swift in Sources */ = {isa = PBXBuildFile; fileRef = 9A467CF11ED8B2C1009D8761 /* OmnilinkProtocol.swift */; };
		9A467CF41ED8B2C1009D8761 /* Zamobile.java in Sources */ = {isa = PBXBuildFile; fileRef = 9A467CF21ED8B2C1009D8761 /* Zamobile.java */; };
		9A467CF71ED8B2CB009D8761 /* BluetoothHelpers.swift in Sources */ = {isa = PBXBuildFile; fileRef = 9A467CF51ED8B2CB009D8761 /* BluetoothHelpers.swift */; };
		9A467CF81ED8B2CB009D8761 /* BluetoothManager.swift in Sources */ = {isa = PBXBuildFile; fileRef = 9A467CF61ED8B2CB009D8761 /* BluetoothManager.swift */; };
		9A467CFA1ED8B2E0009D8761 /* Info.plist in Resources */ = {isa = PBXBuildFile; fileRef = 9A467CF91ED8B2E0009D8761 /* Info.plist */; };
/* End PBXBuildFile section */

/* Begin PBXFileReference section */
		9A467CE91ED8B267009D8761 /* CommandBLE.swift */ = {isa = PBXFileReference; fileEncoding = 4; lastKnownFileType = sourcecode.swift; name = CommandBLE.swift; path = Source/Utils/Enums/CommandBLE.swift; sourceTree = "<group>"; };
		9A467CEA1ED8B267009D8761 /* ManagerStates.swift */ = {isa = PBXFileReference; fileEncoding = 4; lastKnownFileType = sourcecode.swift; name = ManagerStates.swift; path = Source/Utils/Enums/ManagerStates.swift; sourceTree = "<group>"; };
		9A467CF11ED8B2C1009D8761 /* OmnilinkProtocol.swift */ = {isa = PBXFileReference; fileEncoding = 4; lastKnownFileType = sourcecode.swift; name = OmnilinkProtocol.swift; path = Source/Protocols/OmnilinkProtocol.swift; sourceTree = "<group>"; };
		9A467CF21ED8B2C1009D8761 /* Zamobile.java */ = {isa = PBXFileReference; fileEncoding = 4; lastKnownFileType = sourcecode.java; name = Zamobile.java; path = Source/Protocols/Zamobile.java; sourceTree = "<group>"; };
		9A467CF51ED8B2CB009D8761 /* BluetoothHelpers.swift */ = {isa = PBXFileReference; fileEncoding = 4; lastKnownFileType = sourcecode.swift; name = BluetoothHelpers.swift; path = Source/Managers/BluetoothHelpers.swift; sourceTree = "<group>"; };
		9A467CF61ED8B2CB009D8761 /* BluetoothManager.swift */ = {isa = PBXFileReference; fileEncoding = 4; lastKnownFileType = sourcecode.swift; name = BluetoothManager.swift; path = Source/Managers/BluetoothManager.swift; sourceTree = "<group>"; };
		9A467CF91ED8B2E0009D8761 /* Info.plist */ = {isa = PBXFileReference; fileEncoding = 4; lastKnownFileType = text.plist.xml; name = Info.plist; path = "Resource/Supporting Files/Info.plist"; sourceTree = "<group>"; };
		9AEBE4EB1ED8A0340037CAE1 /* RWMovidaOmnilinkBLE.framework */ = {isa = PBXFileReference; explicitFileType = wrapper.framework; includeInIndex = 0; path = RWMovidaOmnilinkBLE.framework; sourceTree = BUILT_PRODUCTS_DIR; };
/* End PBXFileReference section */

/* Begin PBXFrameworksBuildPhase section */
		9AEBE4E71ED8A0330037CAE1 /* Frameworks */ = {
			isa = PBXFrameworksBuildPhase;
			buildActionMask = 2147483647;
			files = (
			);
			runOnlyForDeploymentPostprocessing = 0;
		};
/* End PBXFrameworksBuildPhase section */

/* Begin PBXGroup section */
		9A467CE21ED8B21B009D8761 /* Resource */ = {
			isa = PBXGroup;
			children = (
				9A467CE71ED8B248009D8761 /* Supporting Files */,
			);
			name = Resource;
			sourceTree = "<group>";
		};
		9A467CE31ED8B220009D8761 /* Source */ = {
			isa = PBXGroup;
			children = (
				9A467CE41ED8B223009D8761 /* Protocols */,
				9A467CE51ED8B227009D8761 /* Managers */,
				9A467CE61ED8B23D009D8761 /* Utils */,
			);
			name = Source;
			sourceTree = "<group>";
		};
		9A467CE41ED8B223009D8761 /* Protocols */ = {
			isa = PBXGroup;
			children = (
				9A467CF11ED8B2C1009D8761 /* OmnilinkProtocol.swift */,
				9A467CF21ED8B2C1009D8761 /* Zamobile.java */,
			);
			name = Protocols;
			sourceTree = "<group>";
		};
		9A467CE51ED8B227009D8761 /* Managers */ = {
			isa = PBXGroup;
			children = (
				9A467CF51ED8B2CB009D8761 /* BluetoothHelpers.swift */,
				9A467CF61ED8B2CB009D8761 /* BluetoothManager.swift */,
			);
			name = Managers;
			sourceTree = "<group>";
		};
		9A467CE61ED8B23D009D8761 /* Utils */ = {
			isa = PBXGroup;
			children = (
				9A467CE81ED8B25A009D8761 /* Enums */,
			);
			name = Utils;
			sourceTree = "<group>";
		};
		9A467CE71ED8B248009D8761 /* Supporting Files */ = {
			isa = PBXGroup;
			children = (
				9A467CF91ED8B2E0009D8761 /* Info.plist */,
			);
			name = "Supporting Files";
			sourceTree = "<group>";
		};
		9A467CE81ED8B25A009D8761 /* Enums */ = {
			isa = PBXGroup;
			children = (
				9A467CE91ED8B267009D8761 /* CommandBLE.swift */,
				9A467CEA1ED8B267009D8761 /* ManagerStates.swift */,
			);
			name = Enums;
			sourceTree = "<group>";
		};
		9AEBE4E11ED8A0330037CAE1 = {
			isa = PBXGroup;
			children = (
				9AEBE4ED1ED8A0340037CAE1 /* RWMovidaOmnilinkBLE */,
				9AEBE4EC1ED8A0340037CAE1 /* Products */,
			);
			sourceTree = "<group>";
		};
		9AEBE4EC1ED8A0340037CAE1 /* Products */ = {
			isa = PBXGroup;
			children = (
				9AEBE4EB1ED8A0340037CAE1 /* RWMovidaOmnilinkBLE.framework */,
			);
			name = Products;
			sourceTree = "<group>";
		};
		9AEBE4ED1ED8A0340037CAE1 /* RWMovidaOmnilinkBLE */ = {
			isa = PBXGroup;
			children = (
				9A467CE31ED8B220009D8761 /* Source */,
				9A467CE21ED8B21B009D8761 /* Resource */,
			);
			path = RWMovidaOmnilinkBLE;
			sourceTree = "<group>";
		};
/* End PBXGroup section */

/* Begin PBXHeadersBuildPhase section */
		9AEBE4E81ED8A0330037CAE1 /* Headers */ = {
			isa = PBXHeadersBuildPhase;
			buildActionMask = 2147483647;
			files = (
			);
			runOnlyForDeploymentPostprocessing = 0;
		};
/* End PBXHeadersBuildPhase section */

/* Begin PBXNativeTarget section */
		9AEBE4EA1ED8A0330037CAE1 /* RWMovidaOmnilinkBLE */ = {
			isa = PBXNativeTarget;
			buildConfigurationList = 9AEBE4F31ED8A0340037CAE1 /* Build configuration list for PBXNativeTarget "RWMovidaOmnilinkBLE" */;
			buildPhases = (
				9AEBE4E61ED8A0330037CAE1 /* Sources */,
				9AEBE4E71ED8A0330037CAE1 /* Frameworks */,
				9AEBE4E81ED8A0330037CAE1 /* Headers */,
				9AEBE4E91ED8A0330037CAE1 /* Resources */,
			);
			buildRules = (
			);
			dependencies = (
			);
			name = RWMovidaOmnilinkBLE;
			productName = RWMovidaOmnilinkBLE;
			productReference = 9AEBE4EB1ED8A0340037CAE1 /* RWMovidaOmnilinkBLE.framework */;
			productType = "com.apple.product-type.framework";
		};
/* End PBXNativeTarget section */

/* Begin PBXProject section */
		9AEBE4E21ED8A0330037CAE1 /* Project object */ = {
			isa = PBXProject;
			attributes = {
				LastUpgradeCheck = 0820;
				ORGANIZATIONNAME = "João Felipe";
				TargetAttributes = {
					9AEBE4EA1ED8A0330037CAE1 = {
						CreatedOnToolsVersion = 8.2.1;
						LastSwiftMigration = 0820;
						ProvisioningStyle = Automatic;
					};
				};
			};
			buildConfigurationList = 9AEBE4E51ED8A0330037CAE1 /* Build configuration list for PBXProject "RWMovidaOmnilinkBLE" */;
			compatibilityVersion = "Xcode 3.2";
			developmentRegion = English;
			hasScannedForEncodings = 0;
			knownRegions = (
				en,
			);
			mainGroup = 9AEBE4E11ED8A0330037CAE1;
			productRefGroup = 9AEBE4EC1ED8A0340037CAE1 /* Products */;
			projectDirPath = "";
			projectRoot = "";
			targets = (
				9AEBE4EA1ED8A0330037CAE1 /* RWMovidaOmnilinkBLE */,
			);
		};
/* End PBXProject section */

/* Begin PBXResourcesBuildPhase section */
		9AEBE4E91ED8A0330037CAE1 /* Resources */ = {
			isa = PBXResourcesBuildPhase;
			buildActionMask = 2147483647;
			files = (
				9A467CFA1ED8B2E0009D8761 /* Info.plist in Resources */,
			);
			runOnlyForDeploymentPostprocessing = 0;
		};
/* End PBXResourcesBuildPhase section */

/* Begin PBXSourcesBuildPhase section */
		9AEBE4E61ED8A0330037CAE1 /* Sources */ = {
			isa = PBXSourcesBuildPhase;
			buildActionMask = 2147483647;
			files = (
				9A467CF41ED8B2C1009D8761 /* Zamobile.java in Sources */,
				9A467CF71ED8B2CB009D8761 /* BluetoothHelpers.swift in Sources */,
				9A467CF31ED8B2C1009D8761 /* OmnilinkProtocol.swift in Sources */,
				9A467CEB1ED8B267009D8761 /* CommandBLE.swift in Sources */,
				9A467CF81ED8B2CB009D8761 /* BluetoothManager.swift in Sources */,
				9A467CEC1ED8B267009D8761 /* ManagerStates.swift in Sources */,
			);
			runOnlyForDeploymentPostprocessing = 0;
		};
/* End PBXSourcesBuildPhase section */

/* Begin XCBuildConfiguration section */
		9AEBE4F11ED8A0340037CAE1 /* Debug */ = {
			isa = XCBuildConfiguration;
			buildSettings = {
				ALWAYS_SEARCH_USER_PATHS = NO;
				CLANG_ANALYZER_NONNULL = YES;
				CLANG_CXX_LANGUAGE_STANDARD = "gnu++0x";
				CLANG_CXX_LIBRARY = "libc++";
				CLANG_ENABLE_MODULES = YES;
				CLANG_ENABLE_OBJC_ARC = YES;
				CLANG_WARN_BOOL_CONVERSION = YES;
				CLANG_WARN_CONSTANT_CONVERSION = YES;
				CLANG_WARN_DIRECT_OBJC_ISA_USAGE = YES_ERROR;
				CLANG_WARN_DOCUMENTATION_COMMENTS = YES;
				CLANG_WARN_EMPTY_BODY = YES;
				CLANG_WARN_ENUM_CONVERSION = YES;
				CLANG_WARN_INFINITE_RECURSION = YES;
				CLANG_WARN_INT_CONVERSION = YES;
				CLANG_WARN_OBJC_ROOT_CLASS = YES_ERROR;
				CLANG_WARN_SUSPICIOUS_MOVE = YES;
				CLANG_WARN_UNREACHABLE_CODE = YES;
				CLANG_WARN__DUPLICATE_METHOD_MATCH = YES;
				"CODE_SIGN_IDENTITY[sdk=iphoneos*]" = "iPhone Developer";
				COPY_PHASE_STRIP = NO;
				CURRENT_PROJECT_VERSION = 1;
				DEBUG_INFORMATION_FORMAT = dwarf;
				ENABLE_STRICT_OBJC_MSGSEND = YES;
				ENABLE_TESTABILITY = YES;
				GCC_C_LANGUAGE_STANDARD = gnu99;
				GCC_DYNAMIC_NO_PIC = NO;
				GCC_NO_COMMON_BLOCKS = YES;
				GCC_OPTIMIZATION_LEVEL = 0;
				GCC_PREPROCESSOR_DEFINITIONS = (
					"DEBUG=1",
					"$(inherited)",
				);
				GCC_WARN_64_TO_32_BIT_CONVERSION = YES;
				GCC_WARN_ABOUT_RETURN_TYPE = YES_ERROR;
				GCC_WARN_UNDECLARED_SELECTOR = YES;
				GCC_WARN_UNINITIALIZED_AUTOS = YES_AGGRESSIVE;
				GCC_WARN_UNUSED_FUNCTION = YES;
				GCC_WARN_UNUSED_VARIABLE = YES;
				IPHONEOS_DEPLOYMENT_TARGET = 10.2;
				MTL_ENABLE_DEBUG_INFO = YES;
				ONLY_ACTIVE_ARCH = YES;
				SDKROOT = iphoneos;
				SWIFT_ACTIVE_COMPILATION_CONDITIONS = DEBUG;
				SWIFT_OPTIMIZATION_LEVEL = "-Onone";
				TARGETED_DEVICE_FAMILY = "1,2";
				VERSIONING_SYSTEM = "apple-generic";
				VERSION_INFO_PREFIX = "";
			};
			name = Debug;
		};
		9AEBE4F21ED8A0340037CAE1 /* Release */ = {
			isa = XCBuildConfiguration;
			buildSettings = {
				ALWAYS_SEARCH_USER_PATHS = NO;
				CLANG_ANALYZER_NONNULL = YES;
				CLANG_CXX_LANGUAGE_STANDARD = "gnu++0x";
				CLANG_CXX_LIBRARY = "libc++";
				CLANG_ENABLE_MODULES = YES;
				CLANG_ENABLE_OBJC_ARC = YES;
				CLANG_WARN_BOOL_CONVERSION = YES;
				CLANG_WARN_CONSTANT_CONVERSION = YES;
				CLANG_WARN_DIRECT_OBJC_ISA_USAGE = YES_ERROR;
				CLANG_WARN_DOCUMENTATION_COMMENTS = YES;
				CLANG_WARN_EMPTY_BODY = YES;
				CLANG_WARN_ENUM_CONVERSION = YES;
				CLANG_WARN_INFINITE_RECURSION = YES;
				CLANG_WARN_INT_CONVERSION = YES;
				CLANG_WARN_OBJC_ROOT_CLASS = YES_ERROR;
				CLANG_WARN_SUSPICIOUS_MOVE = YES;
				CLANG_WARN_UNREACHABLE_CODE = YES;
				CLANG_WARN__DUPLICATE_METHOD_MATCH = YES;
				"CODE_SIGN_IDENTITY[sdk=iphoneos*]" = "iPhone Developer";
				COPY_PHASE_STRIP = NO;
				CURRENT_PROJECT_VERSION = 1;
				DEBUG_INFORMATION_FORMAT = "dwarf-with-dsym";
				ENABLE_NS_ASSERTIONS = NO;
				ENABLE_STRICT_OBJC_MSGSEND = YES;
				GCC_C_LANGUAGE_STANDARD = gnu99;
				GCC_NO_COMMON_BLOCKS = YES;
				GCC_WARN_64_TO_32_BIT_CONVERSION = YES;
				GCC_WARN_ABOUT_RETURN_TYPE = YES_ERROR;
				GCC_WARN_UNDECLARED_SELECTOR = YES;
				GCC_WARN_UNINITIALIZED_AUTOS = YES_AGGRESSIVE;
				GCC_WARN_UNUSED_FUNCTION = YES;
				GCC_WARN_UNUSED_VARIABLE = YES;
				IPHONEOS_DEPLOYMENT_TARGET = 10.2;
				MTL_ENABLE_DEBUG_INFO = NO;
				SDKROOT = iphoneos;
				SWIFT_OPTIMIZATION_LEVEL = "-Owholemodule";
				TARGETED_DEVICE_FAMILY = "1,2";
				VALIDATE_PRODUCT = YES;
				VERSIONING_SYSTEM = "apple-generic";
				VERSION_INFO_PREFIX = "";
			};
			name = Release;
		};
		9AEBE4F41ED8A0340037CAE1 /* Debug */ = {
			isa = XCBuildConfiguration;
			buildSettings = {
				CLANG_ENABLE_MODULES = YES;
				CODE_SIGN_IDENTITY = "";
				DEFINES_MODULE = YES;
				DYLIB_COMPATIBILITY_VERSION = 1;
				DYLIB_CURRENT_VERSION = 1;
				DYLIB_INSTALL_NAME_BASE = "@rpath";
				INFOPLIST_FILE = "$(SRCROOT)/RWMovidaOmnilinkBLE/Resource/Supporting Files/Info.plist";
				INSTALL_PATH = "$(LOCAL_LIBRARY_DIR)/Frameworks";
				LD_RUNPATH_SEARCH_PATHS = "$(inherited) @executable_path/Frameworks @loader_path/Frameworks";
				PRODUCT_BUNDLE_IDENTIFIER = "e-deploy.RWMovidaOmnilinkBLE";
				PRODUCT_NAME = "$(TARGET_NAME)";
				SKIP_INSTALL = YES;
				SWIFT_OPTIMIZATION_LEVEL = "-Onone";
				SWIFT_VERSION = 3.0;
			};
			name = Debug;
		};
		9AEBE4F51ED8A0340037CAE1 /* Release */ = {
			isa = XCBuildConfiguration;
			buildSettings = {
				CLANG_ENABLE_MODULES = YES;
				CODE_SIGN_IDENTITY = "";
				DEFINES_MODULE = YES;
				DYLIB_COMPATIBILITY_VERSION = 1;
				DYLIB_CURRENT_VERSION = 1;
				DYLIB_INSTALL_NAME_BASE = "@rpath";
				INFOPLIST_FILE = "$(SRCROOT)/RWMovidaOmnilinkBLE/Resource/Supporting Files/Info.plist";
				INSTALL_PATH = "$(LOCAL_LIBRARY_DIR)/Frameworks";
				LD_RUNPATH_SEARCH_PATHS = "$(inherited) @executable_path/Frameworks @loader_path/Frameworks";
				PRODUCT_BUNDLE_IDENTIFIER = "e-deploy.RWMovidaOmnilinkBLE";
				PRODUCT_NAME = "$(TARGET_NAME)";
				SKIP_INSTALL = YES;
				SWIFT_VERSION = 3.0;
			};
			name = Release;
		};
/* End XCBuildConfiguration section */

/* Begin XCConfigurationList section */
		9AEBE4E51ED8A0330037CAE1 /* Build configuration list for PBXProject "RWMovidaOmnilinkBLE" */ = {
			isa = XCConfigurationList;
			buildConfigurations = (
				9AEBE4F11ED8A0340037CAE1 /* Debug */,
				9AEBE4F21ED8A0340037CAE1 /* Release */,
			);
			defaultConfigurationIsVisible = 0;
			defaultConfigurationName = Release;
		};
		9AEBE4F31ED8A0340037CAE1 /* Build configuration list for PBXNativeTarget "RWMovidaOmnilinkBLE" */ = {
			isa = XCConfigurationList;
			buildConfigurations = (
				9AEBE4F41ED8A0340037CAE1 /* Debug */,
				9AEBE4F51ED8A0340037CAE1 /* Release */,
			);
			defaultConfigurationIsVisible = 0;
			defaultConfigurationName = Release;
		};
/* End XCConfigurationList section */
	};
	rootObject = 9AEBE4E21ED8A0330037CAE1 /* Project object */;
}
